{
  "version": 4,
  "terraform_version": "0.12.28",
  "serial": 3,
  "lineage": "5f3a132e-c2ee-b65c-d864-9b46980201dd",
  "outputs": {},
  "resources": [
    {
      "mode": "managed",
      "type": "aws_s3_bucket",
      "name": "imgur_image_bucket",
      "provider": "provider.aws",
      "instances": [
        {
          "schema_version": 0,
          "attributes": {
            "acceleration_status": "",
            "acl": "private",
            "arn": "arn:aws:s3:::image-up-test-docker-flask-express-db-redis-tut",
            "bucket": "image-up-test-docker-flask-express-db-redis-tut",
            "bucket_domain_name": "image-up-test-docker-flask-express-db-redis-tut.s3.amazonaws.com",
            "bucket_prefix": null,
            "bucket_regional_domain_name": "image-up-test-docker-flask-express-db-redis-tut.s3.eu-west-1.amazonaws.com",
            "cors_rule": [
              {
                "allowed_headers": [
                  "*"
                ],
                "allowed_methods": [
                  "PUT",
                  "POST"
                ],
                "allowed_origins": [
                  "*"
                ],
                "expose_headers": [
                  "x-amz-server-side-encryption",
                  "x-amz-request-id",
                  "x-amz-id-2"
                ],
                "max_age_seconds": 3000
              }
            ],
            "force_destroy": false,
            "grant": [],
            "hosted_zone_id": "Z1BKCTXD74EZPE",
            "id": "image-up-test-docker-flask-express-db-redis-tut",
            "lifecycle_rule": [],
            "logging": [],
            "object_lock_configuration": [],
            "policy": null,
            "region": "eu-west-1",
            "replication_configuration": [],
            "request_payer": "BucketOwner",
            "server_side_encryption_configuration": [],
            "tags": {
              "Environment": "Dev",
              "Name": "Dev Imgur Clone Bucket"
            },
            "versioning": [
              {
                "enabled": false,
                "mfa_delete": false
              }
            ],
            "website": [],
            "website_domain": null,
            "website_endpoint": null
          },
          "private": "bnVsbA=="
        }
      ]
    }
  ]
}
